
Microsoft Visual Studio Solution File, Format Version 12.00
# Visual Studio 15
VisualStudioVersion = 15.0.26403.3
MinimumVisualStudioVersion = 10.0.40219.1
Project("{FAE04EC0-301F-11D3-BF4B-00C04F79EFBC}") = "2013220746-CON", "2013220746-CON\2013220746-CON.csproj", "{621A82E8-3B2B-4072-91FC-A77FEE01CBC2}"
EndProject
Project("{FAE04EC0-301F-11D3-BF4B-00C04F79EFBC}") = "2013220746-ENT", "2013220746-ENT\2013220746-ENT.csproj", "{065B3952-A4D6-45DF-8A95-E3BBAE6CD600}"
EndProject
Project("{FAE04EC0-301F-11D3-BF4B-00C04F79EFBC}") = "2013220746-PER", "2013220746-PER\2013220746-PER.csproj", "{E8E75525-0450-4731-B7D0-1E45F47BA5D1}"
EndProject
Global
	GlobalSection(SolutionConfigurationPlatforms) = preSolution
		Debug|Any CPU = Debug|Any CPU
		Release|Any CPU = Release|Any CPU
	EndGlobalSection
	GlobalSection(ProjectConfigurationPlatforms) = postSolution
		{621A82E8-3B2B-4072-91FC-A77FEE01CBC2}.Debug|Any CPU.ActiveCfg = Debug|Any CPU
		{621A82E8-3B2B-4072-91FC-A77FEE01CBC2}.Debug|Any CPU.Build.0 = Debug|Any CPU
		{621A82E8-3B2B-4072-91FC-A77FEE01CBC2}.Release|Any CPU.ActiveCfg = Release|Any CPU
		{621A82E8-3B2B-4072-91FC-A77FEE01CBC2}.Release|Any CPU.Build.0 = Release|Any CPU
		{065B3952-A4D6-45DF-8A95-E3BBAE6CD600}.Debug|Any CPU.ActiveCfg = Debug|Any CPU
		{065B3952-A4D6-45DF-8A95-E3BBAE6CD600}.Debug|Any CPU.Build.0 = Debug|Any CPU
		{065B3952-A4D6-45DF-8A95-E3BBAE6CD600}.Release|Any CPU.ActiveCfg = Release|Any CPU
		{065B3952-A4D6-45DF-8A95-E3BBAE6CD600}.Release|Any CPU.Build.0 = Release|Any CPU
		{E8E75525-0450-4731-B7D0-1E45F47BA5D1}.Debug|Any CPU.ActiveCfg = Debug|Any CPU
		{E8E75525-0450-4731-B7D0-1E45F47BA5D1}.Debug|Any CPU.Build.0 = Debug|Any CPU
		{E8E75525-0450-4731-B7D0-1E45F47BA5D1}.Release|Any CPU.ActiveCfg = Release|Any CPU
		{E8E75525-0450-4731-B7D0-1E45F47BA5D1}.Release|Any CPU.Build.0 = Release|Any CPU
	EndGlobalSection
	GlobalSection(SolutionProperties) = preSolution
		HideSolutionNode = FALSE
	EndGlobalSection
EndGlobal
